# THIS IS AN AUTOGENERATED FILE. DO NOT EDIT THIS FILE DIRECTLY.
# yarn lockfile v1


"@babel/runtime@^7.0.0-beta.40":
  version "7.0.0-beta.48"
  resolved "https://registry.yarnpkg.com/@babel/runtime/-/runtime-7.0.0-beta.48.tgz#e18c19964ef27e5d5a8f06e0c0b26294037d642e"
  dependencies:
    core-js "^2.5.6"
    regenerator-runtime "^0.11.1"

"@types/node@^9.4.6":
  version "9.6.18"
  resolved "https://registry.yarnpkg.com/@types/node/-/node-9.6.18.tgz#092e13ef64c47e986802c9c45a61c1454813b31d"

apollo-cache-control@^0.1.0:
  version "0.1.1"
  resolved "https://registry.yarnpkg.com/apollo-cache-control/-/apollo-cache-control-0.1.1.tgz#173d14ceb3eb9e7cb53de7eb8b61bee6159d4171"
  dependencies:
    graphql-extensions "^0.0.x"

apollo-link@1.2.1:
  version "1.2.1"
  resolved "https://registry.yarnpkg.com/apollo-link/-/apollo-link-1.2.1.tgz#c120b16059f9bd93401b9f72b94d2f80f3f305d2"
  dependencies:
    "@types/node" "^9.4.6"
    apollo-utilities "^1.0.0"
    zen-observable-ts "^0.8.6"

apollo-server-core@^1.3.6:
  version "1.3.6"
  resolved "https://registry.yarnpkg.com/apollo-server-core/-/apollo-server-core-1.3.6.tgz#08636243c2de56fa8c267d68dd602cb1fbd323e3"
  dependencies:
    apollo-cache-control "^0.1.0"
    apollo-tracing "^0.1.0"
    graphql-extensions "^0.0.x"

apollo-server-koa@^1.3.6:
  version "1.3.6"
  resolved "https://registry.yarnpkg.com/apollo-server-koa/-/apollo-server-koa-1.3.6.tgz#51771d856cc4d22373ebcd869e4ad8f4e53ab45c"
  dependencies:
    apollo-server-core "^1.3.6"
    apollo-server-module-graphiql "^1.3.4"

apollo-server-module-graphiql@^1.3.4:
  version "1.3.4"
  resolved "https://registry.yarnpkg.com/apollo-server-module-graphiql/-/apollo-server-module-graphiql-1.3.4.tgz#50399b7c51b7267d0c841529f5173e5fc7304de4"

apollo-tracing@^0.1.0:
  version "0.1.4"
  resolved "https://registry.yarnpkg.com/apollo-tracing/-/apollo-tracing-0.1.4.tgz#5b8ae1b01526b160ee6e552a7f131923a9aedcc7"
  dependencies:
    graphql-extensions "~0.0.9"

apollo-upload-server@^5.0.0:
  version "5.0.0"
  resolved "https://registry.yarnpkg.com/apollo-upload-server/-/apollo-upload-server-5.0.0.tgz#c953b523608313966e0c8444637f4ae8ef77d5bc"
  dependencies:
    "@babel/runtime" "^7.0.0-beta.40"
    busboy "^0.2.14"
    object-path "^0.11.4"

apollo-utilities@^1.0.0, apollo-utilities@^1.0.1:
  version "1.0.11"
  resolved "https://registry.yarnpkg.com/apollo-utilities/-/apollo-utilities-1.0.11.tgz#cd36bfa6e5c04eea2caf0c204a0f38a0ad550802"

busboy@^0.2.14:
  version "0.2.14"
  resolved "https://registry.yarnpkg.com/busboy/-/busboy-0.2.14.tgz#6c2a622efcf47c57bbbe1e2a9c37ad36c7925453"
  dependencies:
    dicer "0.2.5"
    readable-stream "1.1.x"

core-js@^2.5.3:
  version "2.5.5"
  resolved "https://registry.yarnpkg.com/core-js/-/core-js-2.5.5.tgz#b14dde936c640c0579a6b50cabcc132dd6127e3b"

core-js@^2.5.6:
  version "2.5.6"
  resolved "https://registry.yarnpkg.com/core-js/-/core-js-2.5.6.tgz#0fe6d45bf3cac3ac364a9d72de7576f4eb221b9d"

core-util-is@~1.0.0:
  version "1.0.2"
  resolved "https://registry.yarnpkg.com/core-util-is/-/core-util-is-1.0.2.tgz#b5fd54220aa2bc5ab57aab7140c940754503c1a7"

deprecated-decorator@^0.1.6:
  version "0.1.6"
  resolved "https://registry.yarnpkg.com/deprecated-decorator/-/deprecated-decorator-0.1.6.tgz#00966317b7a12fe92f3cc831f7583af329b86c37"

dicer@0.2.5:
  version "0.2.5"
  resolved "https://registry.yarnpkg.com/dicer/-/dicer-0.2.5.tgz#5996c086bb33218c812c090bddc09cd12facb70f"
  dependencies:
    readable-stream "1.1.x"
    streamsearch "0.1.2"

graphql-custom-types@^1.4.0:
  version "1.4.0"
  resolved "https://registry.yarnpkg.com/graphql-custom-types/-/graphql-custom-types-1.4.0.tgz#21dd5d3bf84cc57a938e7466dadc55e025b3cfe3"

graphql-extensions@^0.0.x, graphql-extensions@~0.0.9:
  version "0.0.10"
  resolved "https://registry.yarnpkg.com/graphql-extensions/-/graphql-extensions-0.0.10.tgz#34bdb2546d43f6a5bc89ab23c295ec0466c6843d"
  dependencies:
    core-js "^2.5.3"
    source-map-support "^0.5.1"

graphql-tools@^3.0.2:
  version "3.0.2"
  resolved "https://registry.yarnpkg.com/graphql-tools/-/graphql-tools-3.0.2.tgz#fb79821c23b0f5d11d842c4d0c15000d856c6c8c"
  dependencies:
    apollo-link "1.2.1"
    apollo-utilities "^1.0.1"
    deprecated-decorator "^0.1.6"
    iterall "^1.1.3"
    uuid "^3.1.0"

graphql-type-json@^0.2.1:
  version "0.2.1"
  resolved "https://registry.yarnpkg.com/graphql-type-json/-/graphql-type-json-0.2.1.tgz#d2c177e2f1b17d87f81072cd05311c0754baa420"

graphql@^0.13.2:
  version "0.13.2"
  resolved "https://registry.yarnpkg.com/graphql/-/graphql-0.13.2.tgz#4c740ae3c222823e7004096f832e7b93b2108270"
  dependencies:
    iterall "^1.2.1"

inherits@~2.0.1:
  version "2.0.3"
  resolved "https://registry.yarnpkg.com/inherits/-/inherits-2.0.3.tgz#633c2c83e3da42a502f52466022480f4208261de"

isarray@0.0.1:
  version "0.0.1"
  resolved "https://registry.yarnpkg.com/isarray/-/isarray-0.0.1.tgz#8a18acfca9a8f4177e09abfc6038939b05d1eedf"

iterall@^1.1.3, iterall@^1.2.1:
  version "1.2.2"
  resolved "https://registry.yarnpkg.com/iterall/-/iterall-1.2.2.tgz#92d70deb8028e0c39ff3164fdbf4d8b088130cd7"

koa-compose@^4.1.0:
  version "4.1.0"
  resolved "https://registry.yarnpkg.com/koa-compose/-/koa-compose-4.1.0.tgz#507306b9371901db41121c812e923d0d67d3e877"

lodash@^4.17.10:
  version "4.17.10"
  resolved "https://registry.yarnpkg.com/lodash/-/lodash-4.17.10.tgz#1b7793cf7259ea38fb3661d4d38b3260af8ae4e7"

object-path@^0.11.4:
  version "0.11.4"
  resolved "https://registry.yarnpkg.com/object-path/-/object-path-0.11.4.tgz#370ae752fbf37de3ea70a861c23bba8915691949"

readable-stream@1.1.x:
  version "1.1.14"
  resolved "https://registry.yarnpkg.com/readable-stream/-/readable-stream-1.1.14.tgz#7cf4c54ef648e3813084c636dd2079e166c081d9"
  dependencies:
    core-util-is "~1.0.0"
    inherits "~2.0.1"
    isarray "0.0.1"
    string_decoder "~0.10.x"

regenerator-runtime@^0.11.1:
  version "0.11.1"
  resolved "https://registry.yarnpkg.com/regenerator-runtime/-/regenerator-runtime-0.11.1.tgz#be05ad7f9bf7d22e056f9726cee5017fbf19e2e9"

source-map-support@^0.5.1:
  version "0.5.4"
  resolved "https://registry.yarnpkg.com/source-map-support/-/source-map-support-0.5.4.tgz#54456efa89caa9270af7cd624cc2f123e51fbae8"
  dependencies:
    source-map "^0.6.0"

source-map@^0.6.0:
  version "0.6.1"
  resolved "https://registry.yarnpkg.com/source-map/-/source-map-0.6.1.tgz#74722af32e9614e9c287a8d0bbde48b5e2f1a263"

streamsearch@0.1.2:
  version "0.1.2"
  resolved "https://registry.yarnpkg.com/streamsearch/-/streamsearch-0.1.2.tgz#808b9d0e56fc273d809ba57338e929919a1a9f1a"

string_decoder@~0.10.x:
  version "0.10.31"
  resolved "https://registry.yarnpkg.com/string_decoder/-/string_decoder-0.10.31.tgz#62e203bc41766c6c28c9fc84301dab1c5310fa94"

uuid@^3.1.0:
  version "3.2.1"
  resolved "https://registry.yarnpkg.com/uuid/-/uuid-3.2.1.tgz#12c528bb9d58d0b9265d9a2f6f0fe8be17ff1f14"

zen-observable-ts@^0.8.6:
  version "0.8.9"
  resolved "https://registry.yarnpkg.com/zen-observable-ts/-/zen-observable-ts-0.8.9.tgz#d3c97af08c0afdca37ebcadf7cc3ee96bda9bab1"
  dependencies:
    zen-observable "^0.8.0"

zen-observable@^0.8.0:
  version "0.8.8"
  resolved "https://registry.yarnpkg.com/zen-observable/-/zen-observable-0.8.8.tgz#1ea93995bf098754a58215a1e0a7309e5749ec42"
